
Microsoft Visual Studio Solution File, Format Version 12.00
# Visual Studio 2012
Project("{FAE04EC0-301F-11D3-BF4B-00C04F79EFBC}") = "MvcApplication1", "MvcApplication1\MvcApplication1.csproj", "{1134843B-5DA8-4C99-B70E-12A09837DE08}"
EndProject
Project("{FAE04EC0-301F-11D3-BF4B-00C04F79EFBC}") = "MvcApplication1.Tests", "MvcApplication1.Tests\MvcApplication1.Tests.csproj", "{6827AF56-78C5-4A85-80D2-B6A447E4AFAD}"
EndProject
Global
	GlobalSection(SolutionConfigurationPlatforms) = preSolution
		Debug|Any CPU = Debug|Any CPU
		Release|Any CPU = Release|Any CPU
	EndGlobalSection
	GlobalSection(ProjectConfigurationPlatforms) = postSolution
		{1134843B-5DA8-4C99-B70E-12A09837DE08}.Debug|Any CPU.ActiveCfg = Debug|Any CPU
		{1134843B-5DA8-4C99-B70E-12A09837DE08}.Debug|Any CPU.Build.0 = Debug|Any CPU
		{1134843B-5DA8-4C99-B70E-12A09837DE08}.Release|Any CPU.ActiveCfg = Release|Any CPU
		{1134843B-5DA8-4C99-B70E-12A09837DE08}.Release|Any CPU.Build.0 = Release|Any CPU
		{6827AF56-78C5-4A85-80D2-B6A447E4AFAD}.Debug|Any CPU.ActiveCfg = Debug|Any CPU
		{6827AF56-78C5-4A85-80D2-B6A447E4AFAD}.Debug|Any CPU.Build.0 = Debug|Any CPU
		{6827AF56-78C5-4A85-80D2-B6A447E4AFAD}.Release|Any CPU.ActiveCfg = Release|Any CPU
		{6827AF56-78C5-4A85-80D2-B6A447E4AFAD}.Release|Any CPU.Build.0 = Release|Any CPU
	EndGlobalSection
	GlobalSection(SolutionProperties) = preSolution
		HideSolutionNode = FALSE
	EndGlobalSection
EndGlobal
